# THIS IS AN AUTOGENERATED FILE. DO NOT EDIT THIS FILE DIRECTLY.
# yarn lockfile v1


react-uuid@^1.0.2:
  version "1.0.2"
  resolved "https://registry.yarnpkg.com/react-uuid/-/react-uuid-1.0.2.tgz#c77cea91cf38eafb1aaa7910f92621b2ed91b969"
  integrity sha512-5e0GM16uuQj9MdRJlZ0GdLC8LKMwpU9PIqYmF27s3fIV2z+rLyASTaiW4aKzSY4DyGanz+ImzsECkftwGWfAwA==
